
Microsoft Visual Studio Solution File, Format Version 12.00
# Visual Studio Version 17
VisualStudioVersion = 17.10.34928.147
MinimumVisualStudioVersion = 10.0.40219.1
Project("{9A19103F-16F7-4668-BE54-9A1E7A4F7556}") = "AttendanceTrackerWeb", "AttendanceTrackerWeb.csproj", "{71CE1673-4C60-4D5C-8391-495EEA414F70}"
EndProject
Project("{9A19103F-16F7-4668-BE54-9A1E7A4F7556}") = "AttendanceTracker.Models", "AttendanceTracker.Models\AttendanceTracker.Models.csproj", "{2B10D9F6-9B70-45D2-B0C6-627DD0DAB8F6}"
EndProject
Project("{FAE04EC0-301F-11D3-BF4B-00C04F79EFBC}") = "AttendanceTracker.DataAccess", "AttendanceTracker.DataAccess\AttendanceTracker.DataAccess.csproj", "{8EE1158A-2C8B-4E07-A906-0924A0EDD2C1}"
EndProject
Global
	GlobalSection(SolutionConfigurationPlatforms) = preSolution
		Debug|Any CPU = Debug|Any CPU
		Release|Any CPU = Release|Any CPU
	EndGlobalSection
	GlobalSection(ProjectConfigurationPlatforms) = postSolution
		{71CE1673-4C60-4D5C-8391-495EEA414F70}.Debug|Any CPU.ActiveCfg = Debug|Any CPU
		{71CE1673-4C60-4D5C-8391-495EEA414F70}.Debug|Any CPU.Build.0 = Debug|Any CPU
		{71CE1673-4C60-4D5C-8391-495EEA414F70}.Release|Any CPU.ActiveCfg = Release|Any CPU
		{71CE1673-4C60-4D5C-8391-495EEA414F70}.Release|Any CPU.Build.0 = Release|Any CPU
		{2B10D9F6-9B70-45D2-B0C6-627DD0DAB8F6}.Debug|Any CPU.ActiveCfg = Debug|Any CPU
		{2B10D9F6-9B70-45D2-B0C6-627DD0DAB8F6}.Debug|Any CPU.Build.0 = Debug|Any CPU
		{2B10D9F6-9B70-45D2-B0C6-627DD0DAB8F6}.Release|Any CPU.ActiveCfg = Release|Any CPU
		{2B10D9F6-9B70-45D2-B0C6-627DD0DAB8F6}.Release|Any CPU.Build.0 = Release|Any CPU
		{8EE1158A-2C8B-4E07-A906-0924A0EDD2C1}.Debug|Any CPU.ActiveCfg = Debug|Any CPU
		{8EE1158A-2C8B-4E07-A906-0924A0EDD2C1}.Debug|Any CPU.Build.0 = Debug|Any CPU
		{8EE1158A-2C8B-4E07-A906-0924A0EDD2C1}.Release|Any CPU.ActiveCfg = Release|Any CPU
		{8EE1158A-2C8B-4E07-A906-0924A0EDD2C1}.Release|Any CPU.Build.0 = Release|Any CPU
	EndGlobalSection
	GlobalSection(SolutionProperties) = preSolution
		HideSolutionNode = FALSE
	EndGlobalSection
	GlobalSection(ExtensibilityGlobals) = postSolution
		SolutionGuid = {9F913B73-7A67-4D94-A4BE-3C285F63730C}
	EndGlobalSection
EndGlobal
